
Microsoft Visual Studio Solution File, Format Version 12.00
# Visual Studio Version 17
VisualStudioVersion = 17.14.37628.2 d17.14
MinimumVisualStudioVersion = 10.0.40219.1
Project("{FAE04EC0-301F-11D3-BF4B-00C04F79EFBC}") = "MVCITIFinal", "MVCITIFinal\MVCITIFinal.csproj", "{CD8C73E4-4E3E-4C4E-BF42-D005E7925B00}"
EndProject
Global
	GlobalSection(SolutionConfigurationPlatforms) = preSolution
		Debug|Any CPU = Debug|Any CPU
		Release|Any CPU = Release|Any CPU
	EndGlobalSection
	GlobalSection(ProjectConfigurationPlatforms) = postSolution
		{CD8C73E4-4E3E-4C4E-BF42-D005E7925B00}.Debug|Any CPU.ActiveCfg = Debug|Any CPU
		{CD8C73E4-4E3E-4C4E-BF42-D005E7925B00}.Debug|Any CPU.Build.0 = Debug|Any CPU
		{CD8C73E4-4E3E-4C4E-BF42-D005E7925B00}.Release|Any CPU.ActiveCfg = Release|Any CPU
		{CD8C73E4-4E3E-4C4E-BF42-D005E7925B00}.Release|Any CPU.Build.0 = Release|Any CPU
	EndGlobalSection
	GlobalSection(SolutionProperties) = preSolution
		HideSolutionNode = FALSE
	EndGlobalSection
	GlobalSection(ExtensibilityGlobals) = postSolution
		SolutionGuid = {8D13DE94-BC17-4A10-BE5D-9B4E7FBC5ED6}
	EndGlobalSection
EndGlobal
